
Microsoft Visual Studio Solution File, Format Version 12.00
# Visual Studio Version 17
VisualStudioVersion = 17.5.33530.505
MinimumVisualStudioVersion = 10.0.40219.1
Project("{2150E333-8FDC-42A3-9474-1A3956D46DE8}") = "Src", "Src", "{7D44FDE1-85BA-4BAE-AE0A-B9287C8BBD6E}"
EndProject
Project("{2150E333-8FDC-42A3-9474-1A3956D46DE8}") = "Example", "Example", "{D187C758-604D-4325-9FEF-912DB32D6131}"
EndProject
Project("{9A19103F-16F7-4668-BE54-9A1E7A4F7556}") = "NanoRabbit", "Src\NanoRabbit\NanoRabbit.csproj", "{95D715B0-F686-4282-AFD9-C3498B5D4BD9}"
EndProject
Project("{2150E333-8FDC-42A3-9474-1A3956D46DE8}") = "Solution", "Solution", "{C0037375-1E5C-4070-9AFD-806B44C6D247}"
	ProjectSection(SolutionItems) = preProject
		.editorconfig = .editorconfig
		docker-compose.yml = docker-compose.yml
		LICENSE.txt = LICENSE.txt
		README.md = README.md
	EndProjectSection
EndProject
Project("{9A19103F-16F7-4668-BE54-9A1E7A4F7556}") = "Example.MultiConnections", "Example\Example.MultiConnections\Example.MultiConnections.csproj", "{11865C15-5E2D-4687-A874-886E3F4DBC7E}"
EndProject
Project("{9A19103F-16F7-4668-BE54-9A1E7A4F7556}") = "Example.QuickStart", "Example\Example.QuickStart\Example.QuickStart.csproj", "{603676E0-EA56-4F03-8037-F96BE0F671C7}"
EndProject
Project("{9A19103F-16F7-4668-BE54-9A1E7A4F7556}") = "Example.SimpleDI", "Example\Example.SimpleDI\Example.SimpleDI.csproj", "{CE34BE6F-E234-4938-B6E6-2F1333C8A435}"
EndProject
Project("{9A19103F-16F7-4668-BE54-9A1E7A4F7556}") = "Example.Autofac", "Example\Example.Autofac\Example.Autofac.csproj", "{9999306F-A81E-4C69-B7A0-21EA155AB93E}"
EndProject
Project("{9A19103F-16F7-4668-BE54-9A1E7A4F7556}") = "Example.NLog", "Example\Example.NLog\Example.NLog.csproj", "{8C957828-D46E-45FA-89DB-ADD3856F405B}"
EndProject
Project("{9A19103F-16F7-4668-BE54-9A1E7A4F7556}") = "Example.ProducerInConsumer", "Example\Example.ProducerInConsumer\Example.ProducerInConsumer.csproj", "{9D6AD55F-2615-4FA9-B01D-697EEFE19B41}"
EndProject
Project("{9A19103F-16F7-4668-BE54-9A1E7A4F7556}") = "Example.ReadSettings", "Example\Example.ReadSettings\Example.ReadSettings.csproj", "{149851D0-29D1-4F47-BD43-0D7DE729BC63}"
EndProject
Project("{9A19103F-16F7-4668-BE54-9A1E7A4F7556}") = "Example.RabbitAsyncConsumer", "Example\Example.RabbitAsyncConsumer\Example.RabbitAsyncConsumer.csproj", "{52F7EB29-ADE0-43D4-ADA8-74735BE76D19}"
EndProject
Project("{9A19103F-16F7-4668-BE54-9A1E7A4F7556}") = "Exmaple.ServiceInConsumer", "Example\Exmaple.ServiceInConsumer\Exmaple.ServiceInConsumer.csproj", "{DE4C1826-A072-4087-A4B1-272C8FD9DF56}"
EndProject
Project("{9A19103F-16F7-4668-BE54-9A1E7A4F7556}") = "Exmaple.TaskInMessageHandler", "Example\Exmaple.TaskInMessageHandler\Exmaple.TaskInMessageHandler.csproj", "{C98D8769-5CB8-47EC-83B7-287550F769BE}"
EndProject
Project("{2150E333-8FDC-42A3-9474-1A3956D46DE8}") = "Test", "Test", "{DE278D07-341E-425C-B687-BB3CD9F9757D}"
EndProject
Project("{9A19103F-16F7-4668-BE54-9A1E7A4F7556}") = "Test.Logger", "Test\Test.Logger\Test.Logger.csproj", "{25D1ECC8-3A50-43A7-B7D5-78068222254E}"
EndProject
Project("{9A19103F-16F7-4668-BE54-9A1E7A4F7556}") = "Test.SpecifyMessagesProperties", "Test\Test.SpecifyMessagesProperties\Test.SpecifyMessagesProperties.csproj", "{012ACF78-7FA0-4754-A271-97D57D01D324}"
EndProject
Project("{9A19103F-16F7-4668-BE54-9A1E7A4F7556}") = "Example.WebApplication", "Example\Example.WebApplication\Example.WebApplication.csproj", "{3169FF28-0BA6-4391-AB6F-F6BDEC75E596}"
EndProject
Project("{9A19103F-16F7-4668-BE54-9A1E7A4F7556}") = "Example.TLSConnection", "Example\Example.TLSConnection\Example.TLSConnection.csproj", "{0C45AA1B-CC42-4A1A-A8AC-90DF2CE99F59}"
EndProject
Project("{9A19103F-16F7-4668-BE54-9A1E7A4F7556}") = "Example.PublishAsync", "Example\Example.PublishAsync\Example.PublishAsync.csproj", "{A6FA00FD-EC60-4654-AC76-2A4AFBEBC5B7}"
EndProject
Project("{9A19103F-16F7-4668-BE54-9A1E7A4F7556}") = "Test.Publish", "Test\Test.Publish\Test.Publish.csproj", "{B6D7A492-7043-45F1-89FE-BE0AF5FC0829}"
EndProject
Project("{FAE04EC0-301F-11D3-BF4B-00C04F79EFBC}") = "Test.Management", "Test\Test.Management\Test.Management.csproj", "{37710F5C-7B00-42A8-A908-3F86D62E1DB4}"
EndProject
Global
	GlobalSection(SolutionConfigurationPlatforms) = preSolution
		Debug|Any CPU = Debug|Any CPU
		Release|Any CPU = Release|Any CPU
	EndGlobalSection
	GlobalSection(ProjectConfigurationPlatforms) = postSolution
		{95D715B0-F686-4282-AFD9-C3498B5D4BD9}.Debug|Any CPU.ActiveCfg = Debug|Any CPU
		{95D715B0-F686-4282-AFD9-C3498B5D4BD9}.Debug|Any CPU.Build.0 = Debug|Any CPU
		{95D715B0-F686-4282-AFD9-C3498B5D4BD9}.Release|Any CPU.ActiveCfg = Release|Any CPU
		{95D715B0-F686-4282-AFD9-C3498B5D4BD9}.Release|Any CPU.Build.0 = Release|Any CPU
		{11865C15-5E2D-4687-A874-886E3F4DBC7E}.Debug|Any CPU.ActiveCfg = Debug|Any CPU
		{11865C15-5E2D-4687-A874-886E3F4DBC7E}.Debug|Any CPU.Build.0 = Debug|Any CPU
		{11865C15-5E2D-4687-A874-886E3F4DBC7E}.Release|Any CPU.ActiveCfg = Release|Any CPU
		{11865C15-5E2D-4687-A874-886E3F4DBC7E}.Release|Any CPU.Build.0 = Release|Any CPU
		{603676E0-EA56-4F03-8037-F96BE0F671C7}.Debug|Any CPU.ActiveCfg = Debug|Any CPU
		{603676E0-EA56-4F03-8037-F96BE0F671C7}.Debug|Any CPU.Build.0 = Debug|Any CPU
		{603676E0-EA56-4F03-8037-F96BE0F671C7}.Release|Any CPU.ActiveCfg = Release|Any CPU
		{603676E0-EA56-4F03-8037-F96BE0F671C7}.Release|Any CPU.Build.0 = Release|Any CPU
		{CE34BE6F-E234-4938-B6E6-2F1333C8A435}.Debug|Any CPU.ActiveCfg = Debug|Any CPU
		{CE34BE6F-E234-4938-B6E6-2F1333C8A435}.Debug|Any CPU.Build.0 = Debug|Any CPU
		{CE34BE6F-E234-4938-B6E6-2F1333C8A435}.Release|Any CPU.ActiveCfg = Release|Any CPU
		{CE34BE6F-E234-4938-B6E6-2F1333C8A435}.Release|Any CPU.Build.0 = Release|Any CPU
		{9999306F-A81E-4C69-B7A0-21EA155AB93E}.Debug|Any CPU.ActiveCfg = Debug|Any CPU
		{9999306F-A81E-4C69-B7A0-21EA155AB93E}.Debug|Any CPU.Build.0 = Debug|Any CPU
		{9999306F-A81E-4C69-B7A0-21EA155AB93E}.Release|Any CPU.ActiveCfg = Release|Any CPU
		{9999306F-A81E-4C69-B7A0-21EA155AB93E}.Release|Any CPU.Build.0 = Release|Any CPU
		{8C957828-D46E-45FA-89DB-ADD3856F405B}.Debug|Any CPU.ActiveCfg = Debug|Any CPU
		{8C957828-D46E-45FA-89DB-ADD3856F405B}.Debug|Any CPU.Build.0 = Debug|Any CPU
		{8C957828-D46E-45FA-89DB-ADD3856F405B}.Release|Any CPU.ActiveCfg = Release|Any CPU
		{8C957828-D46E-45FA-89DB-ADD3856F405B}.Release|Any CPU.Build.0 = Release|Any CPU
		{9D6AD55F-2615-4FA9-B01D-697EEFE19B41}.Debug|Any CPU.ActiveCfg = Debug|Any CPU
		{9D6AD55F-2615-4FA9-B01D-697EEFE19B41}.Debug|Any CPU.Build.0 = Debug|Any CPU
		{9D6AD55F-2615-4FA9-B01D-697EEFE19B41}.Release|Any CPU.ActiveCfg = Release|Any CPU
		{9D6AD55F-2615-4FA9-B01D-697EEFE19B41}.Release|Any CPU.Build.0 = Release|Any CPU
		{149851D0-29D1-4F47-BD43-0D7DE729BC63}.Debug|Any CPU.ActiveCfg = Debug|Any CPU
		{149851D0-29D1-4F47-BD43-0D7DE729BC63}.Debug|Any CPU.Build.0 = Debug|Any CPU
		{149851D0-29D1-4F47-BD43-0D7DE729BC63}.Release|Any CPU.ActiveCfg = Release|Any CPU
		{149851D0-29D1-4F47-BD43-0D7DE729BC63}.Release|Any CPU.Build.0 = Release|Any CPU
		{52F7EB29-ADE0-43D4-ADA8-74735BE76D19}.Debug|Any CPU.ActiveCfg = Debug|Any CPU
		{52F7EB29-ADE0-43D4-ADA8-74735BE76D19}.Debug|Any CPU.Build.0 = Debug|Any CPU
		{52F7EB29-ADE0-43D4-ADA8-74735BE76D19}.Release|Any CPU.ActiveCfg = Release|Any CPU
		{52F7EB29-ADE0-43D4-ADA8-74735BE76D19}.Release|Any CPU.Build.0 = Release|Any CPU
		{DE4C1826-A072-4087-A4B1-272C8FD9DF56}.Debug|Any CPU.ActiveCfg = Debug|Any CPU
		{DE4C1826-A072-4087-A4B1-272C8FD9DF56}.Debug|Any CPU.Build.0 = Debug|Any CPU
		{DE4C1826-A072-4087-A4B1-272C8FD9DF56}.Release|Any CPU.ActiveCfg = Release|Any CPU
		{DE4C1826-A072-4087-A4B1-272C8FD9DF56}.Release|Any CPU.Build.0 = Release|Any CPU
		{C98D8769-5CB8-47EC-83B7-287550F769BE}.Debug|Any CPU.ActiveCfg = Debug|Any CPU
		{C98D8769-5CB8-47EC-83B7-287550F769BE}.Debug|Any CPU.Build.0 = Debug|Any CPU
		{C98D8769-5CB8-47EC-83B7-287550F769BE}.Release|Any CPU.ActiveCfg = Release|Any CPU
		{C98D8769-5CB8-47EC-83B7-287550F769BE}.Release|Any CPU.Build.0 = Release|Any CPU
		{25D1ECC8-3A50-43A7-B7D5-78068222254E}.Debug|Any CPU.ActiveCfg = Debug|Any CPU
		{25D1ECC8-3A50-43A7-B7D5-78068222254E}.Debug|Any CPU.Build.0 = Debug|Any CPU
		{25D1ECC8-3A50-43A7-B7D5-78068222254E}.Release|Any CPU.ActiveCfg = Release|Any CPU
		{25D1ECC8-3A50-43A7-B7D5-78068222254E}.Release|Any CPU.Build.0 = Release|Any CPU
		{012ACF78-7FA0-4754-A271-97D57D01D324}.Debug|Any CPU.ActiveCfg = Debug|Any CPU
		{012ACF78-7FA0-4754-A271-97D57D01D324}.Debug|Any CPU.Build.0 = Debug|Any CPU
		{012ACF78-7FA0-4754-A271-97D57D01D324}.Release|Any CPU.ActiveCfg = Release|Any CPU
		{012ACF78-7FA0-4754-A271-97D57D01D324}.Release|Any CPU.Build.0 = Release|Any CPU
		{3169FF28-0BA6-4391-AB6F-F6BDEC75E596}.Debug|Any CPU.ActiveCfg = Debug|Any CPU
		{3169FF28-0BA6-4391-AB6F-F6BDEC75E596}.Debug|Any CPU.Build.0 = Debug|Any CPU
		{3169FF28-0BA6-4391-AB6F-F6BDEC75E596}.Release|Any CPU.ActiveCfg = Release|Any CPU
		{3169FF28-0BA6-4391-AB6F-F6BDEC75E596}.Release|Any CPU.Build.0 = Release|Any CPU
		{0C45AA1B-CC42-4A1A-A8AC-90DF2CE99F59}.Debug|Any CPU.ActiveCfg = Debug|Any CPU
		{0C45AA1B-CC42-4A1A-A8AC-90DF2CE99F59}.Debug|Any CPU.Build.0 = Debug|Any CPU
		{0C45AA1B-CC42-4A1A-A8AC-90DF2CE99F59}.Release|Any CPU.ActiveCfg = Release|Any CPU
		{0C45AA1B-CC42-4A1A-A8AC-90DF2CE99F59}.Release|Any CPU.Build.0 = Release|Any CPU
		{A6FA00FD-EC60-4654-AC76-2A4AFBEBC5B7}.Debug|Any CPU.ActiveCfg = Debug|Any CPU
		{A6FA00FD-EC60-4654-AC76-2A4AFBEBC5B7}.Debug|Any CPU.Build.0 = Debug|Any CPU
		{A6FA00FD-EC60-4654-AC76-2A4AFBEBC5B7}.Release|Any CPU.ActiveCfg = Release|Any CPU
		{A6FA00FD-EC60-4654-AC76-2A4AFBEBC5B7}.Release|Any CPU.Build.0 = Release|Any CPU
		{B6D7A492-7043-45F1-89FE-BE0AF5FC0829}.Debug|Any CPU.ActiveCfg = Debug|Any CPU
		{B6D7A492-7043-45F1-89FE-BE0AF5FC0829}.Debug|Any CPU.Build.0 = Debug|Any CPU
		{B6D7A492-7043-45F1-89FE-BE0AF5FC0829}.Release|Any CPU.ActiveCfg = Release|Any CPU
		{B6D7A492-7043-45F1-89FE-BE0AF5FC0829}.Release|Any CPU.Build.0 = Release|Any CPU
		{37710F5C-7B00-42A8-A908-3F86D62E1DB4}.Debug|Any CPU.ActiveCfg = Debug|Any CPU
		{37710F5C-7B00-42A8-A908-3F86D62E1DB4}.Debug|Any CPU.Build.0 = Debug|Any CPU
		{37710F5C-7B00-42A8-A908-3F86D62E1DB4}.Release|Any CPU.ActiveCfg = Release|Any CPU
		{37710F5C-7B00-42A8-A908-3F86D62E1DB4}.Release|Any CPU.Build.0 = Release|Any CPU
	EndGlobalSection
	GlobalSection(SolutionProperties) = preSolution
		HideSolutionNode = FALSE
	EndGlobalSection
	GlobalSection(NestedProjects) = preSolution
		{7D44FDE1-85BA-4BAE-AE0A-B9287C8BBD6E} = {C0037375-1E5C-4070-9AFD-806B44C6D247}
		{D187C758-604D-4325-9FEF-912DB32D6131} = {C0037375-1E5C-4070-9AFD-806B44C6D247}
		{95D715B0-F686-4282-AFD9-C3498B5D4BD9} = {7D44FDE1-85BA-4BAE-AE0A-B9287C8BBD6E}
		{11865C15-5E2D-4687-A874-886E3F4DBC7E} = {D187C758-604D-4325-9FEF-912DB32D6131}
		{603676E0-EA56-4F03-8037-F96BE0F671C7} = {D187C758-604D-4325-9FEF-912DB32D6131}
		{CE34BE6F-E234-4938-B6E6-2F1333C8A435} = {D187C758-604D-4325-9FEF-912DB32D6131}
		{9999306F-A81E-4C69-B7A0-21EA155AB93E} = {D187C758-604D-4325-9FEF-912DB32D6131}
		{8C957828-D46E-45FA-89DB-ADD3856F405B} = {D187C758-604D-4325-9FEF-912DB32D6131}
		{9D6AD55F-2615-4FA9-B01D-697EEFE19B41} = {D187C758-604D-4325-9FEF-912DB32D6131}
		{149851D0-29D1-4F47-BD43-0D7DE729BC63} = {D187C758-604D-4325-9FEF-912DB32D6131}
		{52F7EB29-ADE0-43D4-ADA8-74735BE76D19} = {D187C758-604D-4325-9FEF-912DB32D6131}
		{DE4C1826-A072-4087-A4B1-272C8FD9DF56} = {D187C758-604D-4325-9FEF-912DB32D6131}
		{C98D8769-5CB8-47EC-83B7-287550F769BE} = {D187C758-604D-4325-9FEF-912DB32D6131}
		{DE278D07-341E-425C-B687-BB3CD9F9757D} = {C0037375-1E5C-4070-9AFD-806B44C6D247}
		{25D1ECC8-3A50-43A7-B7D5-78068222254E} = {DE278D07-341E-425C-B687-BB3CD9F9757D}
		{012ACF78-7FA0-4754-A271-97D57D01D324} = {DE278D07-341E-425C-B687-BB3CD9F9757D}
		{3169FF28-0BA6-4391-AB6F-F6BDEC75E596} = {D187C758-604D-4325-9FEF-912DB32D6131}
		{0C45AA1B-CC42-4A1A-A8AC-90DF2CE99F59} = {D187C758-604D-4325-9FEF-912DB32D6131}
		{A6FA00FD-EC60-4654-AC76-2A4AFBEBC5B7} = {D187C758-604D-4325-9FEF-912DB32D6131}
		{B6D7A492-7043-45F1-89FE-BE0AF5FC0829} = {DE278D07-341E-425C-B687-BB3CD9F9757D}
		{37710F5C-7B00-42A8-A908-3F86D62E1DB4} = {DE278D07-341E-425C-B687-BB3CD9F9757D}
	EndGlobalSection
	GlobalSection(ExtensibilityGlobals) = postSolution
		SolutionGuid = {6EE19DFD-83A9-4A48-B245-5A1344E7865A}
	EndGlobalSection
EndGlobal
